// !$*UTF8*$!
{
	archiveVersion = 1;
	classes = {
	};
	objectVersion = 56;
	objects = {

/* Begin PBXBuildFile section */
		EE0CD3FF2B6EC8EA00555085 /* TeamStruct.swift in Sources */ = {isa = PBXBuildFile; fileRef = EE0CD3FE2B6EC8EA00555085 /* TeamStruct.swift */; };
		EE0CD4022B6F3BE700555085 /* TBAManager.swift in Sources */ = {isa = PBXBuildFile; fileRef = EE0CD4012B6F3BE700555085 /* TBAManager.swift */; };
		EE1C36172B72EB1600FC97E7 /* UserManagement.swift in Sources */ = {isa = PBXBuildFile; fileRef = EE1C36162B72EB1600FC97E7 /* UserManagement.swift */; };
		EE1F16512B58383000123E69 /* TeamSearchView.swift in Sources */ = {isa = PBXBuildFile; fileRef = EE1F16502B58383000123E69 /* TeamSearchView.swift */; };
		EE1F16562B59547900123E69 /* ConfettiSwiftUI in Frameworks */ = {isa = PBXBuildFile; productRef = EE1F16552B59547900123E69 /* ConfettiSwiftUI */; };
		EE47E1F02B54F4E600FF192C /* chickenBotPieApp.swift in Sources */ = {isa = PBXBuildFile; fileRef = EE47E1EF2B54F4E600FF192C /* chickenBotPieApp.swift */; };
		EE47E1F42B54F4E800FF192C /* Assets.xcassets in Resources */ = {isa = PBXBuildFile; fileRef = EE47E1F32B54F4E800FF192C /* Assets.xcassets */; };
		EE47E1F72B54F4E800FF192C /* Preview Assets.xcassets in Resources */ = {isa = PBXBuildFile; fileRef = EE47E1F62B54F4E800FF192C /* Preview Assets.xcassets */; };
		EE47E2012B54F4E800FF192C /* chickenBotPieTests.swift in Sources */ = {isa = PBXBuildFile; fileRef = EE47E2002B54F4E800FF192C /* chickenBotPieTests.swift */; };
		EE47E20B2B54F4E800FF192C /* chickenBotPieUITests.swift in Sources */ = {isa = PBXBuildFile; fileRef = EE47E20A2B54F4E800FF192C /* chickenBotPieUITests.swift */; };
		EE47E20D2B54F4E800FF192C /* chickenBotPieUITestsLaunchTests.swift in Sources */ = {isa = PBXBuildFile; fileRef = EE47E20C2B54F4E800FF192C /* chickenBotPieUITestsLaunchTests.swift */; };
		EE47E21A2B54F58A00FF192C /* TeamView.swift in Sources */ = {isa = PBXBuildFile; fileRef = EE47E2192B54F58A00FF192C /* TeamView.swift */; };
		EE47E21C2B54F5C600FF192C /* DataFactory.swift in Sources */ = {isa = PBXBuildFile; fileRef = EE47E21B2B54F5C600FF192C /* DataFactory.swift */; };
		EE47E21E2B54F60900FF192C /* teams.csv in Resources */ = {isa = PBXBuildFile; fileRef = EE47E21D2B54F60800FF192C /* teams.csv */; };
		EE47E2202B55AACD00FF192C /* teamHistory.csv in Resources */ = {isa = PBXBuildFile; fileRef = EE47E21F2B55AACD00FF192C /* teamHistory.csv */; };
		EE47E2222B55ADB100FF192C /* TeamDataView.swift in Sources */ = {isa = PBXBuildFile; fileRef = EE47E2212B55ADB100FF192C /* TeamDataView.swift */; };
		EE5AA6052B5B8EED003A4455 /* MatchDetailedView.swift in Sources */ = {isa = PBXBuildFile; fileRef = EE5AA6042B5B8EED003A4455 /* MatchDetailedView.swift */; };
		EE73CB962B5E06F0005F4588 /* GoogleService-Info.plist in Resources */ = {isa = PBXBuildFile; fileRef = EE73CB952B5E06F0005F4588 /* GoogleService-Info.plist */; };
		EE73CB992B5ECA33005F4588 /* PitDetailedView.swift in Sources */ = {isa = PBXBuildFile; fileRef = EE73CB982B5ECA33005F4588 /* PitDetailedView.swift */; };
		EE73CB9B2B5ECECE005F4588 /* PastMatchView.swift in Sources */ = {isa = PBXBuildFile; fileRef = EE73CB9A2B5ECECE005F4588 /* PastMatchView.swift */; };
		EE73CB9D2B5ECF96005F4588 /* PitView.swift in Sources */ = {isa = PBXBuildFile; fileRef = EE73CB9C2B5ECF96005F4588 /* PitView.swift */; };
		EE73CBA02B6064FB005F4588 /* GuestLoginView.swift in Sources */ = {isa = PBXBuildFile; fileRef = EE73CB9F2B6064FB005F4588 /* GuestLoginView.swift */; };
		EE73CBA22B60C204005F4588 /* StartupView.swift in Sources */ = {isa = PBXBuildFile; fileRef = EE73CBA12B60C204005F4588 /* StartupView.swift */; };
		EE73CBA42B61D5FC005F4588 /* teamMembers.json in Resources */ = {isa = PBXBuildFile; fileRef = EE73CBA32B61D5FB005F4588 /* teamMembers.json */; };
		EE73CBAA2B62B872005F4588 /* eventTeams.csv in Resources */ = {isa = PBXBuildFile; fileRef = EE73CBA92B62B872005F4588 /* eventTeams.csv */; };
		EE76B7582B79F4160056F445 /* HomeView.swift in Sources */ = {isa = PBXBuildFile; fileRef = EE76B7572B79F4160056F445 /* HomeView.swift */; };
		EE7C36DA2B5C9B9C00439DB3 /* LoginView.swift in Sources */ = {isa = PBXBuildFile; fileRef = EE7C36D92B5C9B9C00439DB3 /* LoginView.swift */; };
		EE7C36DC2B5C9DD500439DB3 /* LoginInputView.swift in Sources */ = {isa = PBXBuildFile; fileRef = EE7C36DB2B5C9DD500439DB3 /* LoginInputView.swift */; };
		EE7C36DE2B5CD20800439DB3 /* RegistrationView.swift in Sources */ = {isa = PBXBuildFile; fileRef = EE7C36DD2B5CD20800439DB3 /* RegistrationView.swift */; };
		EE7C36E22B5CD50B00439DB3 /* ProfileView.swift in Sources */ = {isa = PBXBuildFile; fileRef = EE7C36E12B5CD50B00439DB3 /* ProfileView.swift */; };
		EE7C36F02B5CDC2700439DB3 /* AuthViewModel.swift in Sources */ = {isa = PBXBuildFile; fileRef = EE7C36EF2B5CDC2700439DB3 /* AuthViewModel.swift */; };
		EE7C36F52B5DEED500439DB3 /* MainTabView.swift in Sources */ = {isa = PBXBuildFile; fileRef = EE7C36F42B5DEED500439DB3 /* MainTabView.swift */; };
		EE88F9D12B55C6200016E68E /* MainView.swift in Sources */ = {isa = PBXBuildFile; fileRef = EE88F9D02B55C6200016E68E /* MainView.swift */; };
		EE88F9D52B55CA870016E68E /* PieChartView.swift in Sources */ = {isa = PBXBuildFile; fileRef = EE88F9D42B55CA870016E68E /* PieChartView.swift */; };
		EE88F9DA2B56437E0016E68E /* SwiftCSV in Frameworks */ = {isa = PBXBuildFile; productRef = EE88F9D92B56437E0016E68E /* SwiftCSV */; };
		EE88F9DC2B580D910016E68E /* ScoutingView.swift in Sources */ = {isa = PBXBuildFile; fileRef = EE88F9DB2B580D910016E68E /* ScoutingView.swift */; };
		EE88F9E02B5810840016E68E /* PitScouting.swift in Sources */ = {isa = PBXBuildFile; fileRef = EE88F9DF2B5810840016E68E /* PitScouting.swift */; };
		EE88F9E62B58116F0016E68E /* MatchScouting.swift in Sources */ = {isa = PBXBuildFile; fileRef = EE88F9E52B58116F0016E68E /* MatchScouting.swift */; };
		EE8DD1CB2B81A8AB003E2708 /* SettingsRowView.swift in Sources */ = {isa = PBXBuildFile; fileRef = EE8DD1CA2B81A8AB003E2708 /* SettingsRowView.swift */; };
		EE8DD1CD2B81A8B9003E2708 /* DataStructs.swift in Sources */ = {isa = PBXBuildFile; fileRef = EE8DD1CC2B81A8B9003E2708 /* DataStructs.swift */; };
		EEA0BB3F2B7C260F00F9881C /* DataManagement.swift in Sources */ = {isa = PBXBuildFile; fileRef = EEA0BB3E2B7C260F00F9881C /* DataManagement.swift */; };
		EEBA889A2B90BCD40000B7D3 /* PastPitView.swift in Sources */ = {isa = PBXBuildFile; fileRef = EEBA88992B90BCD40000B7D3 /* PastPitView.swift */; };
		EED375C72B86B0CF003E1FC1 /* Egg.swift in Sources */ = {isa = PBXBuildFile; fileRef = EED375C62B86B0CF003E1FC1 /* Egg.swift */; };
		EED684B32B841F65001493DE /* NetworkMonitor.swift in Sources */ = {isa = PBXBuildFile; fileRef = EED684B22B841F65001493DE /* NetworkMonitor.swift */; };
/* End PBXBuildFile section */

/* Begin PBXContainerItemProxy section */
		EE47E1FD2B54F4E800FF192C /* PBXContainerItemProxy */ = {
			isa = PBXContainerItemProxy;
			containerPortal = EE47E1E42B54F4E600FF192C /* Project object */;
			proxyType = 1;
			remoteGlobalIDString = EE47E1EB2B54F4E600FF192C;
			remoteInfo = chickenBotPie;
		};
		EE47E2072B54F4E800FF192C /* PBXContainerItemProxy */ = {
			isa = PBXContainerItemProxy;
			containerPortal = EE47E1E42B54F4E600FF192C /* Project object */;
			proxyType = 1;
			remoteGlobalIDString = EE47E1EB2B54F4E600FF192C;
			remoteInfo = chickenBotPie;
		};
/* End PBXContainerItemProxy section */

/* Begin PBXFileReference section */
		EE0CD3FE2B6EC8EA00555085 /* TeamStruct.swift */ = {isa = PBXFileReference; lastKnownFileType = sourcecode.swift; path = TeamStruct.swift; sourceTree = "<group>"; };
		EE0CD4012B6F3BE700555085 /* TBAManager.swift */ = {isa = PBXFileReference; lastKnownFileType = sourcecode.swift; path = TBAManager.swift; sourceTree = "<group>"; };
		EE1C36162B72EB1600FC97E7 /* UserManagement.swift */ = {isa = PBXFileReference; lastKnownFileType = sourcecode.swift; path = UserManagement.swift; sourceTree = "<group>"; };
		EE1F16502B58383000123E69 /* TeamSearchView.swift */ = {isa = PBXFileReference; lastKnownFileType = sourcecode.swift; path = TeamSearchView.swift; sourceTree = "<group>"; };
		EE47E1EC2B54F4E600FF192C /* chickenBotPie.app */ = {isa = PBXFileReference; explicitFileType = wrapper.application; includeInIndex = 0; path = chickenBotPie.app; sourceTree = BUILT_PRODUCTS_DIR; };
		EE47E1EF2B54F4E600FF192C /* chickenBotPieApp.swift */ = {isa = PBXFileReference; lastKnownFileType = sourcecode.swift; path = chickenBotPieApp.swift; sourceTree = "<group>"; };
		EE47E1F32B54F4E800FF192C /* Assets.xcassets */ = {isa = PBXFileReference; lastKnownFileType = folder.assetcatalog; path = Assets.xcassets; sourceTree = "<group>"; };
		EE47E1F62B54F4E800FF192C /* Preview Assets.xcassets */ = {isa = PBXFileReference; lastKnownFileType = folder.assetcatalog; path = "Preview Assets.xcassets"; sourceTree = "<group>"; };
		EE47E1FC2B54F4E800FF192C /* chickenBotPieTests.xctest */ = {isa = PBXFileReference; explicitFileType = wrapper.cfbundle; includeInIndex = 0; path = chickenBotPieTests.xctest; sourceTree = BUILT_PRODUCTS_DIR; };
		EE47E2002B54F4E800FF192C /* chickenBotPieTests.swift */ = {isa = PBXFileReference; lastKnownFileType = sourcecode.swift; path = chickenBotPieTests.swift; sourceTree = "<group>"; };
		EE47E2062B54F4E800FF192C /* chickenBotPieUITests.xctest */ = {isa = PBXFileReference; explicitFileType = wrapper.cfbundle; includeInIndex = 0; path = chickenBotPieUITests.xctest; sourceTree = BUILT_PRODUCTS_DIR; };
		EE47E20A2B54F4E800FF192C /* chickenBotPieUITests.swift */ = {isa = PBXFileReference; lastKnownFileType = sourcecode.swift; path = chickenBotPieUITests.swift; sourceTree = "<group>"; };
		EE47E20C2B54F4E800FF192C /* chickenBotPieUITestsLaunchTests.swift */ = {isa = PBXFileReference; lastKnownFileType = sourcecode.swift; path = chickenBotPieUITestsLaunchTests.swift; sourceTree = "<group>"; };
		EE47E2192B54F58A00FF192C /* TeamView.swift */ = {isa = PBXFileReference; lastKnownFileType = sourcecode.swift; path = TeamView.swift; sourceTree = "<group>"; };
		EE47E21B2B54F5C600FF192C /* DataFactory.swift */ = {isa = PBXFileReference; lastKnownFileType = sourcecode.swift; path = DataFactory.swift; sourceTree = "<group>"; };
		EE47E21D2B54F60800FF192C /* teams.csv */ = {isa = PBXFileReference; lastKnownFileType = text; path = teams.csv; sourceTree = SOURCE_ROOT; };
		EE47E21F2B55AACD00FF192C /* teamHistory.csv */ = {isa = PBXFileReference; lastKnownFileType = text; path = teamHistory.csv; sourceTree = SOURCE_ROOT; };
		EE47E2212B55ADB100FF192C /* TeamDataView.swift */ = {isa = PBXFileReference; lastKnownFileType = sourcecode.swift; path = TeamDataView.swift; sourceTree = "<group>"; };
		EE5AA6042B5B8EED003A4455 /* MatchDetailedView.swift */ = {isa = PBXFileReference; lastKnownFileType = sourcecode.swift; path = MatchDetailedView.swift; sourceTree = "<group>"; };
		EE73CB952B5E06F0005F4588 /* GoogleService-Info.plist */ = {isa = PBXFileReference; fileEncoding = 4; lastKnownFileType = text.plist.xml; path = "GoogleService-Info.plist"; sourceTree = "<group>"; };
		EE73CB972B5E0729005F4588 /* Info.plist */ = {isa = PBXFileReference; lastKnownFileType = text.plist; path = Info.plist; sourceTree = "<group>"; };
		EE73CB982B5ECA33005F4588 /* PitDetailedView.swift */ = {isa = PBXFileReference; lastKnownFileType = sourcecode.swift; path = PitDetailedView.swift; sourceTree = "<group>"; };
		EE73CB9A2B5ECECE005F4588 /* PastMatchView.swift */ = {isa = PBXFileReference; lastKnownFileType = sourcecode.swift; path = PastMatchView.swift; sourceTree = "<group>"; };
		EE73CB9C2B5ECF96005F4588 /* PitView.swift */ = {isa = PBXFileReference; lastKnownFileType = sourcecode.swift; path = PitView.swift; sourceTree = "<group>"; };
		EE73CB9F2B6064FB005F4588 /* GuestLoginView.swift */ = {isa = PBXFileReference; lastKnownFileType = sourcecode.swift; path = GuestLoginView.swift; sourceTree = "<group>"; };
		EE73CBA12B60C204005F4588 /* StartupView.swift */ = {isa = PBXFileReference; lastKnownFileType = sourcecode.swift; path = StartupView.swift; sourceTree = "<group>"; };
		EE73CBA32B61D5FB005F4588 /* teamMembers.json */ = {isa = PBXFileReference; fileEncoding = 4; lastKnownFileType = text.json; path = teamMembers.json; sourceTree = "<group>"; };
		EE73CBA92B62B872005F4588 /* eventTeams.csv */ = {isa = PBXFileReference; lastKnownFileType = text; path = eventTeams.csv; sourceTree = SOURCE_ROOT; };
		EE76B7572B79F4160056F445 /* HomeView.swift */ = {isa = PBXFileReference; lastKnownFileType = sourcecode.swift; path = HomeView.swift; sourceTree = "<group>"; };
		EE7C36D92B5C9B9C00439DB3 /* LoginView.swift */ = {isa = PBXFileReference; lastKnownFileType = sourcecode.swift; path = LoginView.swift; sourceTree = "<group>"; };
		EE7C36DB2B5C9DD500439DB3 /* LoginInputView.swift */ = {isa = PBXFileReference; lastKnownFileType = sourcecode.swift; path = LoginInputView.swift; sourceTree = "<group>"; };
		EE7C36DD2B5CD20800439DB3 /* RegistrationView.swift */ = {isa = PBXFileReference; lastKnownFileType = sourcecode.swift; path = RegistrationView.swift; sourceTree = "<group>"; };
		EE7C36E12B5CD50B00439DB3 /* ProfileView.swift */ = {isa = PBXFileReference; lastKnownFileType = sourcecode.swift; path = ProfileView.swift; sourceTree = "<group>"; };
		EE7C36EF2B5CDC2700439DB3 /* AuthViewModel.swift */ = {isa = PBXFileReference; lastKnownFileType = sourcecode.swift; path = AuthViewModel.swift; sourceTree = "<group>"; };
		EE7C36F42B5DEED500439DB3 /* MainTabView.swift */ = {isa = PBXFileReference; lastKnownFileType = sourcecode.swift; path = MainTabView.swift; sourceTree = "<group>"; };
		EE88F9D02B55C6200016E68E /* MainView.swift */ = {isa = PBXFileReference; lastKnownFileType = sourcecode.swift; path = MainView.swift; sourceTree = "<group>"; };
		EE88F9D42B55CA870016E68E /* PieChartView.swift */ = {isa = PBXFileReference; lastKnownFileType = sourcecode.swift; path = PieChartView.swift; sourceTree = "<group>"; };
		EE88F9DB2B580D910016E68E /* ScoutingView.swift */ = {isa = PBXFileReference; lastKnownFileType = sourcecode.swift; path = ScoutingView.swift; sourceTree = "<group>"; };
		EE88F9DF2B5810840016E68E /* PitScouting.swift */ = {isa = PBXFileReference; lastKnownFileType = sourcecode.swift; path = PitScouting.swift; sourceTree = "<group>"; };
		EE88F9E52B58116F0016E68E /* MatchScouting.swift */ = {isa = PBXFileReference; lastKnownFileType = sourcecode.swift; path = MatchScouting.swift; sourceTree = "<group>"; };
		EE8DD1CA2B81A8AB003E2708 /* SettingsRowView.swift */ = {isa = PBXFileReference; fileEncoding = 4; lastKnownFileType = sourcecode.swift; path = SettingsRowView.swift; sourceTree = "<group>"; };
		EE8DD1CC2B81A8B9003E2708 /* DataStructs.swift */ = {isa = PBXFileReference; fileEncoding = 4; lastKnownFileType = sourcecode.swift; path = DataStructs.swift; sourceTree = "<group>"; };
		EEA0BB3E2B7C260F00F9881C /* DataManagement.swift */ = {isa = PBXFileReference; lastKnownFileType = sourcecode.swift; path = DataManagement.swift; sourceTree = "<group>"; };
		EEBA88992B90BCD40000B7D3 /* PastPitView.swift */ = {isa = PBXFileReference; lastKnownFileType = sourcecode.swift; path = PastPitView.swift; sourceTree = "<group>"; };
		EED375C62B86B0CF003E1FC1 /* Egg.swift */ = {isa = PBXFileReference; lastKnownFileType = sourcecode.swift; path = Egg.swift; sourceTree = "<group>"; };
		EED684B22B841F65001493DE /* NetworkMonitor.swift */ = {isa = PBXFileReference; lastKnownFileType = sourcecode.swift; path = NetworkMonitor.swift; sourceTree = "<group>"; };
/* End PBXFileReference section */

/* Begin PBXFrameworksBuildPhase section */
		EE47E1E92B54F4E600FF192C /* Frameworks */ = {
			isa = PBXFrameworksBuildPhase;
			buildActionMask = 2147483647;
			files = (
				EE1F16562B59547900123E69 /* ConfettiSwiftUI in Frameworks */,
				EE88F9DA2B56437E0016E68E /* SwiftCSV in Frameworks */,
			);
			runOnlyForDeploymentPostprocessing = 0;
		};
		EE47E1F92B54F4E800FF192C /* Frameworks */ = {
			isa = PBXFrameworksBuildPhase;
			buildActionMask = 2147483647;
			files = (
			);
			runOnlyForDeploymentPostprocessing = 0;
		};
		EE47E2032B54F4E800FF192C /* Frameworks */ = {
			isa = PBXFrameworksBuildPhase;
			buildActionMask = 2147483647;
			files = (
			);
			runOnlyForDeploymentPostprocessing = 0;
		};
/* End PBXFrameworksBuildPhase section */

/* Begin PBXGroup section */
		EE0CD4002B6F3BB400555085 /* FBManagement */ = {
			isa = PBXGroup;
			children = (
				EE76B7542B76EC5E0056F445 /* TBD */,
			);
			path = FBManagement;
			sourceTree = "<group>";
		};
		EE47E1E32B54F4E600FF192C = {
			isa = PBXGroup;
			children = (
				EE47E1EE2B54F4E600FF192C /* chickenBotPie */,
				EE47E1FF2B54F4E800FF192C /* chickenBotPieTests */,
				EE47E2092B54F4E800FF192C /* chickenBotPieUITests */,
				EE47E1ED2B54F4E600FF192C /* Products */,
			);
			sourceTree = "<group>";
		};
		EE47E1ED2B54F4E600FF192C /* Products */ = {
			isa = PBXGroup;
			children = (
				EE47E1EC2B54F4E600FF192C /* chickenBotPie.app */,
				EE47E1FC2B54F4E800FF192C /* chickenBotPieTests.xctest */,
				EE47E2062B54F4E800FF192C /* chickenBotPieUITests.xctest */,
			);
			name = Products;
			sourceTree = "<group>";
		};
		EE47E1EE2B54F4E600FF192C /* chickenBotPie */ = {
			isa = PBXGroup;
			children = (
				EE73CB972B5E0729005F4588 /* Info.plist */,
				EE47E1EF2B54F4E600FF192C /* chickenBotPieApp.swift */,
				EED684B22B841F65001493DE /* NetworkMonitor.swift */,
				EE88F9D02B55C6200016E68E /* MainView.swift */,
				EE7C36F42B5DEED500439DB3 /* MainTabView.swift */,
				EE76B7532B76EC160056F445 /* AuthViews */,
				EE76B7562B79F3E00056F445 /* HomeViews */,
				EE88F9E12B5810DE0016E68E /* TeamViews */,
				EE88F9E22B5810FA0016E68E /* ScoutingViews */,
				EE7C36E02B5CD4D000439DB3 /* ProfileViews */,
				EE7C36D82B5C9AF600439DB3 /* Components */,
				EE76B7552B76ECA90056F445 /* DataManagement */,
				EE0CD4002B6F3BB400555085 /* FBManagement */,
				EE0CD3FE2B6EC8EA00555085 /* TeamStruct.swift */,
				EE1C36162B72EB1600FC97E7 /* UserManagement.swift */,
				EEA0BB3E2B7C260F00F9881C /* DataManagement.swift */,
				EE73CB952B5E06F0005F4588 /* GoogleService-Info.plist */,
				EE47E21D2B54F60800FF192C /* teams.csv */,
				EE47E21F2B55AACD00FF192C /* teamHistory.csv */,
				EE73CBA92B62B872005F4588 /* eventTeams.csv */,
				EE73CBA32B61D5FB005F4588 /* teamMembers.json */,
				EE47E1F32B54F4E800FF192C /* Assets.xcassets */,
				EE47E1F52B54F4E800FF192C /* Preview Content */,
			);
			path = chickenBotPie;
			sourceTree = "<group>";
		};
		EE47E1F52B54F4E800FF192C /* Preview Content */ = {
			isa = PBXGroup;
			children = (
				EE47E1F62B54F4E800FF192C /* Preview Assets.xcassets */,
			);
			path = "Preview Content";
			sourceTree = "<group>";
		};
		EE47E1FF2B54F4E800FF192C /* chickenBotPieTests */ = {
			isa = PBXGroup;
			children = (
				EE47E2002B54F4E800FF192C /* chickenBotPieTests.swift */,
			);
			path = chickenBotPieTests;
			sourceTree = "<group>";
		};
		EE47E2092B54F4E800FF192C /* chickenBotPieUITests */ = {
			isa = PBXGroup;
			children = (
				EE47E20A2B54F4E800FF192C /* chickenBotPieUITests.swift */,
				EE47E20C2B54F4E800FF192C /* chickenBotPieUITestsLaunchTests.swift */,
			);
			path = chickenBotPieUITests;
			sourceTree = "<group>";
		};
		EE76B7532B76EC160056F445 /* AuthViews */ = {
			isa = PBXGroup;
			children = (
				EE73CBA12B60C204005F4588 /* StartupView.swift */,
				EE7C36D92B5C9B9C00439DB3 /* LoginView.swift */,
				EE7C36DD2B5CD20800439DB3 /* RegistrationView.swift */,
				EE73CB9F2B6064FB005F4588 /* GuestLoginView.swift */,
			);
			path = AuthViews;
			sourceTree = "<group>";
		};
		EE76B7542B76EC5E0056F445 /* TBD */ = {
			isa = PBXGroup;
			children = (
				EE7C36EF2B5CDC2700439DB3 /* AuthViewModel.swift */,
			);
			path = TBD;
			sourceTree = "<group>";
		};
		EE76B7552B76ECA90056F445 /* DataManagement */ = {
			isa = PBXGroup;
			children = (
				EE0CD4012B6F3BE700555085 /* TBAManager.swift */,
				EE47E21B2B54F5C600FF192C /* DataFactory.swift */,
				EE8DD1CC2B81A8B9003E2708 /* DataStructs.swift */,
			);
			path = DataManagement;
			sourceTree = "<group>";
		};
		EE76B7562B79F3E00056F445 /* HomeViews */ = {
			isa = PBXGroup;
			children = (
				EE76B7572B79F4160056F445 /* HomeView.swift */,
			);
			path = HomeViews;
			sourceTree = "<group>";
		};
		EE7C36D82B5C9AF600439DB3 /* Components */ = {
			isa = PBXGroup;
			children = (
				EE1F16502B58383000123E69 /* TeamSearchView.swift */,
				EE5AA6042B5B8EED003A4455 /* MatchDetailedView.swift */,
				EE73CB982B5ECA33005F4588 /* PitDetailedView.swift */,
				EE7C36DB2B5C9DD500439DB3 /* LoginInputView.swift */,
				EE8DD1CA2B81A8AB003E2708 /* SettingsRowView.swift */,
				EED375C62B86B0CF003E1FC1 /* Egg.swift */,
			);
			path = Components;
			sourceTree = "<group>";
		};
		EE7C36E02B5CD4D000439DB3 /* ProfileViews */ = {
			isa = PBXGroup;
			children = (
				EE7C36E12B5CD50B00439DB3 /* ProfileView.swift */,
			);
			path = ProfileViews;
			sourceTree = "<group>";
		};
		EE88F9E12B5810DE0016E68E /* TeamViews */ = {
			isa = PBXGroup;
			children = (
				EE47E2192B54F58A00FF192C /* TeamView.swift */,
				EE47E2212B55ADB100FF192C /* TeamDataView.swift */,
				EE88F9D42B55CA870016E68E /* PieChartView.swift */,
			);
			path = TeamViews;
			sourceTree = "<group>";
		};
		EE88F9E22B5810FA0016E68E /* ScoutingViews */ = {
			isa = PBXGroup;
			children = (
				EE88F9DB2B580D910016E68E /* ScoutingView.swift */,
				EE88F9DF2B5810840016E68E /* PitScouting.swift */,
				EE88F9E52B58116F0016E68E /* MatchScouting.swift */,
				EEBA88992B90BCD40000B7D3 /* PastPitView.swift */,
				EE73CB9A2B5ECECE005F4588 /* PastMatchView.swift */,
				EE73CB9C2B5ECF96005F4588 /* PitView.swift */,
			);
			path = ScoutingViews;
			sourceTree = "<group>";
		};
/* End PBXGroup section */

/* Begin PBXNativeTarget section */
		EE47E1EB2B54F4E600FF192C /* chickenBotPie */ = {
			isa = PBXNativeTarget;
			buildConfigurationList = EE47E2102B54F4E800FF192C /* Build configuration list for PBXNativeTarget "chickenBotPie" */;
			buildPhases = (
				EE47E1E82B54F4E600FF192C /* Sources */,
				EE47E1E92B54F4E600FF192C /* Frameworks */,
				EE47E1EA2B54F4E600FF192C /* Resources */,
			);
			buildRules = (
			);
			dependencies = (
			);
			name = chickenBotPie;
			packageProductDependencies = (
				EE88F9D92B56437E0016E68E /* SwiftCSV */,
				EE1F16552B59547900123E69 /* ConfettiSwiftUI */,
			);
			productName = chickenBotPie;
			productReference = EE47E1EC2B54F4E600FF192C /* chickenBotPie.app */;
			productType = "com.apple.product-type.application";
		};
		EE47E1FB2B54F4E800FF192C /* chickenBotPieTests */ = {
			isa = PBXNativeTarget;
			buildConfigurationList = EE47E2132B54F4E800FF192C /* Build configuration list for PBXNativeTarget "chickenBotPieTests" */;
			buildPhases = (
				EE47E1F82B54F4E800FF192C /* Sources */,
				EE47E1F92B54F4E800FF192C /* Frameworks */,
				EE47E1FA2B54F4E800FF192C /* Resources */,
			);
			buildRules = (
			);
			dependencies = (
				EE47E1FE2B54F4E800FF192C /* PBXTargetDependency */,
			);
			name = chickenBotPieTests;
			productName = chickenBotPieTests;
			productReference = EE47E1FC2B54F4E800FF192C /* chickenBotPieTests.xctest */;
			productType = "com.apple.product-type.bundle.unit-test";
		};
		EE47E2052B54F4E800FF192C /* chickenBotPieUITests */ = {
			isa = PBXNativeTarget;
			buildConfigurationList = EE47E2162B54F4E800FF192C /* Build configuration list for PBXNativeTarget "chickenBotPieUITests" */;
			buildPhases = (
				EE47E2022B54F4E800FF192C /* Sources */,
				EE47E2032B54F4E800FF192C /* Frameworks */,
				EE47E2042B54F4E800FF192C /* Resources */,
			);
			buildRules = (
			);
			dependencies = (
				EE47E2082B54F4E800FF192C /* PBXTargetDependency */,
			);
			name = chickenBotPieUITests;
			productName = chickenBotPieUITests;
			productReference = EE47E2062B54F4E800FF192C /* chickenBotPieUITests.xctest */;
			productType = "com.apple.product-type.bundle.ui-testing";
		};
/* End PBXNativeTarget section */

/* Begin PBXProject section */
		EE47E1E42B54F4E600FF192C /* Project object */ = {
			isa = PBXProject;
			attributes = {
				BuildIndependentTargetsInParallel = 1;
				LastSwiftUpdateCheck = 1520;
				LastUpgradeCheck = 1520;
				TargetAttributes = {
					EE47E1EB2B54F4E600FF192C = {
						CreatedOnToolsVersion = 15.2;
					};
					EE47E1FB2B54F4E800FF192C = {
						CreatedOnToolsVersion = 15.2;
						TestTargetID = EE47E1EB2B54F4E600FF192C;
					};
					EE47E2052B54F4E800FF192C = {
						CreatedOnToolsVersion = 15.2;
						TestTargetID = EE47E1EB2B54F4E600FF192C;
					};
				};
			};
			buildConfigurationList = EE47E1E72B54F4E600FF192C /* Build configuration list for PBXProject "chickenBotPie" */;
			compatibilityVersion = "Xcode 14.0";
			developmentRegion = en;
			hasScannedForEncodings = 0;
			knownRegions = (
				en,
				Base,
			);
			mainGroup = EE47E1E32B54F4E600FF192C;
			packageReferences = (
				EE88F9D82B56437E0016E68E /* XCRemoteSwiftPackageReference "SwiftCSV" */,
				EE1F16542B59547800123E69 /* XCRemoteSwiftPackageReference "ConfettiSwiftUI" */,
			);
			productRefGroup = EE47E1ED2B54F4E600FF192C /* Products */;
			projectDirPath = "";
			projectRoot = "";
			targets = (
				EE47E1EB2B54F4E600FF192C /* chickenBotPie */,
				EE47E1FB2B54F4E800FF192C /* chickenBotPieTests */,
				EE47E2052B54F4E800FF192C /* chickenBotPieUITests */,
			);
		};
/* End PBXProject section */

/* Begin PBXResourcesBuildPhase section */
		EE47E1EA2B54F4E600FF192C /* Resources */ = {
			isa = PBXResourcesBuildPhase;
			buildActionMask = 2147483647;
			files = (
				EE47E1F72B54F4E800FF192C /* Preview Assets.xcassets in Resources */,
				EE73CB962B5E06F0005F4588 /* GoogleService-Info.plist in Resources */,
				EE73CBA42B61D5FC005F4588 /* teamMembers.json in Resources */,
				EE47E1F42B54F4E800FF192C /* Assets.xcassets in Resources */,
				EE47E2202B55AACD00FF192C /* teamHistory.csv in Resources */,
				EE73CBAA2B62B872005F4588 /* eventTeams.csv in Resources */,
				EE47E21E2B54F60900FF192C /* teams.csv in Resources */,
			);
			runOnlyForDeploymentPostprocessing = 0;
		};
		EE47E1FA2B54F4E800FF192C /* Resources */ = {
			isa = PBXResourcesBuildPhase;
			buildActionMask = 2147483647;
			files = (
			);
			runOnlyForDeploymentPostprocessing = 0;
		};
		EE47E2042B54F4E800FF192C /* Resources */ = {
			isa = PBXResourcesBuildPhase;
			buildActionMask = 2147483647;
			files = (
			);
			runOnlyForDeploymentPostprocessing = 0;
		};
/* End PBXResourcesBuildPhase section */

/* Begin PBXSourcesBuildPhase section */
		EE47E1E82B54F4E600FF192C /* Sources */ = {
			isa = PBXSourcesBuildPhase;
			buildActionMask = 2147483647;
			files = (
				EE7C36F02B5CDC2700439DB3 /* AuthViewModel.swift in Sources */,
				EE76B7582B79F4160056F445 /* HomeView.swift in Sources */,
				EE8DD1CB2B81A8AB003E2708 /* SettingsRowView.swift in Sources */,
				EE7C36DA2B5C9B9C00439DB3 /* LoginView.swift in Sources */,
				EE88F9DC2B580D910016E68E /* ScoutingView.swift in Sources */,
				EE1C36172B72EB1600FC97E7 /* UserManagement.swift in Sources */,
				EE88F9D52B55CA870016E68E /* PieChartView.swift in Sources */,
				EED684B32B841F65001493DE /* NetworkMonitor.swift in Sources */,
				EEA0BB3F2B7C260F00F9881C /* DataManagement.swift in Sources */,
				EE73CB9D2B5ECF96005F4588 /* PitView.swift in Sources */,
				EED375C72B86B0CF003E1FC1 /* Egg.swift in Sources */,
				EE88F9E62B58116F0016E68E /* MatchScouting.swift in Sources */,
				EEBA889A2B90BCD40000B7D3 /* PastPitView.swift in Sources */,
				EE47E1F02B54F4E600FF192C /* chickenBotPieApp.swift in Sources */,
				EE7C36DE2B5CD20800439DB3 /* RegistrationView.swift in Sources */,
				EE7C36DC2B5C9DD500439DB3 /* LoginInputView.swift in Sources */,
				EE73CB9B2B5ECECE005F4588 /* PastMatchView.swift in Sources */,
				EE73CBA02B6064FB005F4588 /* GuestLoginView.swift in Sources */,
				EE47E2222B55ADB100FF192C /* TeamDataView.swift in Sources */,
				EE73CBA22B60C204005F4588 /* StartupView.swift in Sources */,
				EE7C36F52B5DEED500439DB3 /* MainTabView.swift in Sources */,
				EE0CD4022B6F3BE700555085 /* TBAManager.swift in Sources */,
				EE0CD3FF2B6EC8EA00555085 /* TeamStruct.swift in Sources */,
				EE47E21A2B54F58A00FF192C /* TeamView.swift in Sources */,
				EE7C36E22B5CD50B00439DB3 /* ProfileView.swift in Sources */,
				EE8DD1CD2B81A8B9003E2708 /* DataStructs.swift in Sources */,
				EE88F9E02B5810840016E68E /* PitScouting.swift in Sources */,
				EE73CB992B5ECA33005F4588 /* PitDetailedView.swift in Sources */,
				EE5AA6052B5B8EED003A4455 /* MatchDetailedView.swift in Sources */,
				EE1F16512B58383000123E69 /* TeamSearchView.swift in Sources */,
				EE88F9D12B55C6200016E68E /* MainView.swift in Sources */,
				EE47E21C2B54F5C600FF192C /* DataFactory.swift in Sources */,
			);
			runOnlyForDeploymentPostprocessing = 0;
		};
		EE47E1F82B54F4E800FF192C /* Sources */ = {
			isa = PBXSourcesBuildPhase;
			buildActionMask = 2147483647;
			files = (
				EE47E2012B54F4E800FF192C /* chickenBotPieTests.swift in Sources */,
			);
			runOnlyForDeploymentPostprocessing = 0;
		};
		EE47E2022B54F4E800FF192C /* Sources */ = {
			isa = PBXSourcesBuildPhase;
			buildActionMask = 2147483647;
			files = (
				EE47E20B2B54F4E800FF192C /* chickenBotPieUITests.swift in Sources */,
				EE47E20D2B54F4E800FF192C /* chickenBotPieUITestsLaunchTests.swift in Sources */,
			);
			runOnlyForDeploymentPostprocessing = 0;
		};
/* End PBXSourcesBuildPhase section */

/* Begin PBXTargetDependency section */
		EE47E1FE2B54F4E800FF192C /* PBXTargetDependency */ = {
			isa = PBXTargetDependency;
			target = EE47E1EB2B54F4E600FF192C /* chickenBotPie */;
			targetProxy = EE47E1FD2B54F4E800FF192C /* PBXContainerItemProxy */;
		};
		EE47E2082B54F4E800FF192C /* PBXTargetDependency */ = {
			isa = PBXTargetDependency;
			target = EE47E1EB2B54F4E600FF192C /* chickenBotPie */;
			targetProxy = EE47E2072B54F4E800FF192C /* PBXContainerItemProxy */;
		};
/* End PBXTargetDependency section */

/* Begin XCBuildConfiguration section */
		EE47E20E2B54F4E800FF192C /* Debug */ = {
			isa = XCBuildConfiguration;
			buildSettings = {
				ALWAYS_SEARCH_USER_PATHS = NO;
				ASSETCATALOG_COMPILER_GENERATE_SWIFT_ASSET_SYMBOL_EXTENSIONS = YES;
				CLANG_ANALYZER_NONNULL = YES;
				CLANG_ANALYZER_NUMBER_OBJECT_CONVERSION = YES_AGGRESSIVE;
				CLANG_CXX_LANGUAGE_STANDARD = "gnu++20";
				CLANG_ENABLE_MODULES = YES;
				CLANG_ENABLE_OBJC_ARC = YES;
				CLANG_ENABLE_OBJC_WEAK = YES;
				CLANG_WARN_BLOCK_CAPTURE_AUTORELEASING = YES;
				CLANG_WARN_BOOL_CONVERSION = YES;
				CLANG_WARN_COMMA = YES;
				CLANG_WARN_CONSTANT_CONVERSION = YES;
				CLANG_WARN_DEPRECATED_OBJC_IMPLEMENTATIONS = YES;
				CLANG_WARN_DIRECT_OBJC_ISA_USAGE = YES_ERROR;
				CLANG_WARN_DOCUMENTATION_COMMENTS = YES;
				CLANG_WARN_EMPTY_BODY = YES;
				CLANG_WARN_ENUM_CONVERSION = YES;
				CLANG_WARN_INFINITE_RECURSION = YES;
				CLANG_WARN_INT_CONVERSION = YES;
				CLANG_WARN_NON_LITERAL_NULL_CONVERSION = YES;
				CLANG_WARN_OBJC_IMPLICIT_RETAIN_SELF = YES;
				CLANG_WARN_OBJC_LITERAL_CONVERSION = YES;
				CLANG_WARN_OBJC_ROOT_CLASS = YES_ERROR;
				CLANG_WARN_QUOTED_INCLUDE_IN_FRAMEWORK_HEADER = YES;
				CLANG_WARN_RANGE_LOOP_ANALYSIS = YES;
				CLANG_WARN_STRICT_PROTOTYPES = YES;
				CLANG_WARN_SUSPICIOUS_MOVE = YES;
				CLANG_WARN_UNGUARDED_AVAILABILITY = YES_AGGRESSIVE;
				CLANG_WARN_UNREACHABLE_CODE = YES;
				CLANG_WARN__DUPLICATE_METHOD_MATCH = YES;
				COPY_PHASE_STRIP = NO;
				DEBUG_INFORMATION_FORMAT = dwarf;
				ENABLE_STRICT_OBJC_MSGSEND = YES;
				ENABLE_TESTABILITY = YES;
				ENABLE_USER_SCRIPT_SANDBOXING = YES;
				GCC_C_LANGUAGE_STANDARD = gnu17;
				GCC_DYNAMIC_NO_PIC = NO;
				GCC_NO_COMMON_BLOCKS = YES;
				GCC_OPTIMIZATION_LEVEL = 0;
				GCC_PREPROCESSOR_DEFINITIONS = (
					"DEBUG=1",
					"$(inherited)",
				);
				GCC_WARN_64_TO_32_BIT_CONVERSION = YES;
				GCC_WARN_ABOUT_RETURN_TYPE = YES_ERROR;
				GCC_WARN_UNDECLARED_SELECTOR = YES;
				GCC_WARN_UNINITIALIZED_AUTOS = YES_AGGRESSIVE;
				GCC_WARN_UNUSED_FUNCTION = YES;
				GCC_WARN_UNUSED_VARIABLE = YES;
				IPHONEOS_DEPLOYMENT_TARGET = 17.2;
				LOCALIZATION_PREFERS_STRING_CATALOGS = YES;
				MTL_ENABLE_DEBUG_INFO = INCLUDE_SOURCE;
				MTL_FAST_MATH = YES;
				ONLY_ACTIVE_ARCH = YES;
				SDKROOT = iphoneos;
				SWIFT_ACTIVE_COMPILATION_CONDITIONS = "DEBUG $(inherited)";
				SWIFT_OPTIMIZATION_LEVEL = "-Onone";
			};
			name = Debug;
		};
		EE47E20F2B54F4E800FF192C /* Release */ = {
			isa = XCBuildConfiguration;
			buildSettings = {
				ALWAYS_SEARCH_USER_PATHS = NO;
				ASSETCATALOG_COMPILER_GENERATE_SWIFT_ASSET_SYMBOL_EXTENSIONS = YES;
				CLANG_ANALYZER_NONNULL = YES;
				CLANG_ANALYZER_NUMBER_OBJECT_CONVERSION = YES_AGGRESSIVE;
				CLANG_CXX_LANGUAGE_STANDARD = "gnu++20";
				CLANG_ENABLE_MODULES = YES;
				CLANG_ENABLE_OBJC_ARC = YES;
				CLANG_ENABLE_OBJC_WEAK = YES;
				CLANG_WARN_BLOCK_CAPTURE_AUTORELEASING = YES;
				CLANG_WARN_BOOL_CONVERSION = YES;
				CLANG_WARN_COMMA = YES;
				CLANG_WARN_CONSTANT_CONVERSION = YES;
				CLANG_WARN_DEPRECATED_OBJC_IMPLEMENTATIONS = YES;
				CLANG_WARN_DIRECT_OBJC_ISA_USAGE = YES_ERROR;
				CLANG_WARN_DOCUMENTATION_COMMENTS = YES;
				CLANG_WARN_EMPTY_BODY = YES;
				CLANG_WARN_ENUM_CONVERSION = YES;
				CLANG_WARN_INFINITE_RECURSION = YES;
				CLANG_WARN_INT_CONVERSION = YES;
				CLANG_WARN_NON_LITERAL_NULL_CONVERSION = YES;
				CLANG_WARN_OBJC_IMPLICIT_RETAIN_SELF = YES;
				CLANG_WARN_OBJC_LITERAL_CONVERSION = YES;
				CLANG_WARN_OBJC_ROOT_CLASS = YES_ERROR;
				CLANG_WARN_QUOTED_INCLUDE_IN_FRAMEWORK_HEADER = YES;
				CLANG_WARN_RANGE_LOOP_ANALYSIS = YES;
				CLANG_WARN_STRICT_PROTOTYPES = YES;
				CLANG_WARN_SUSPICIOUS_MOVE = YES;
				CLANG_WARN_UNGUARDED_AVAILABILITY = YES_AGGRESSIVE;
				CLANG_WARN_UNREACHABLE_CODE = YES;
				CLANG_WARN__DUPLICATE_METHOD_MATCH = YES;
				COPY_PHASE_STRIP = NO;
				DEBUG_INFORMATION_FORMAT = "dwarf-with-dsym";
				ENABLE_NS_ASSERTIONS = NO;
				ENABLE_STRICT_OBJC_MSGSEND = YES;
				ENABLE_USER_SCRIPT_SANDBOXING = YES;
				GCC_C_LANGUAGE_STANDARD = gnu17;
				GCC_NO_COMMON_BLOCKS = YES;
				GCC_WARN_64_TO_32_BIT_CONVERSION = YES;
				GCC_WARN_ABOUT_RETURN_TYPE = YES_ERROR;
				GCC_WARN_UNDECLARED_SELECTOR = YES;
				GCC_WARN_UNINITIALIZED_AUTOS = YES_AGGRESSIVE;
				GCC_WARN_UNUSED_FUNCTION = YES;
				GCC_WARN_UNUSED_VARIABLE = YES;
				IPHONEOS_DEPLOYMENT_TARGET = 17.2;
				LOCALIZATION_PREFERS_STRING_CATALOGS = YES;
				MTL_ENABLE_DEBUG_INFO = NO;
				MTL_FAST_MATH = YES;
				SDKROOT = iphoneos;
				SWIFT_COMPILATION_MODE = wholemodule;
				VALIDATE_PRODUCT = YES;
			};
			name = Release;
		};
		EE47E2112B54F4E800FF192C /* Debug */ = {
			isa = XCBuildConfiguration;
			buildSettings = {
				ASSETCATALOG_COMPILER_APPICON_NAME = AppIcon;
				ASSETCATALOG_COMPILER_GLOBAL_ACCENT_COLOR_NAME = AccentColor;
				CODE_SIGN_STYLE = Automatic;
				CURRENT_PROJECT_VERSION = 1;
				DEVELOPMENT_ASSET_PATHS = "\"chickenBotPie/Preview Content\"";
				DEVELOPMENT_TEAM = B369BUS59N;
				ENABLE_PREVIEWS = YES;
				GENERATE_INFOPLIST_FILE = YES;
				INFOPLIST_FILE = chickenBotPie/Info.plist;
				INFOPLIST_KEY_NSLocationAlwaysAndWhenInUseUsageDescription = "Allow access or perish";
				INFOPLIST_KEY_NSLocationAlwaysUsageDescription = "Allow access or perish";
				INFOPLIST_KEY_NSLocationWhenInUseUsageDescription = "Allow access or perish";
				INFOPLIST_KEY_UIApplicationSceneManifest_Generation = YES;
				INFOPLIST_KEY_UIApplicationSupportsIndirectInputEvents = YES;
				INFOPLIST_KEY_UILaunchScreen_Generation = YES;
				INFOPLIST_KEY_UISupportedInterfaceOrientations_iPad = "UIInterfaceOrientationPortrait UIInterfaceOrientationPortraitUpsideDown UIInterfaceOrientationLandscapeLeft UIInterfaceOrientationLandscapeRight";
				INFOPLIST_KEY_UISupportedInterfaceOrientations_iPhone = "UIInterfaceOrientationPortrait UIInterfaceOrientationLandscapeLeft UIInterfaceOrientationLandscapeRight";
				IPHONEOS_DEPLOYMENT_TARGET = 16.0;
				LD_RUNPATH_SEARCH_PATHS = (
					"$(inherited)",
					"@executable_path/Frameworks",
				);
				MARKETING_VERSION = 1.0;
				PRODUCT_BUNDLE_IDENTIFIER = App.chickenBotPie.3082;
				PRODUCT_NAME = "$(TARGET_NAME)";
				SWIFT_EMIT_LOC_STRINGS = YES;
				SWIFT_VERSION = 5.0;
				TARGETED_DEVICE_FAMILY = "1,2";
			};
			name = Debug;
		};
		EE47E2122B54F4E800FF192C /* Release */ = {
			isa = XCBuildConfiguration;
			buildSettings = {
				ASSETCATALOG_COMPILER_APPICON_NAME = AppIcon;
				ASSETCATALOG_COMPILER_GLOBAL_ACCENT_COLOR_NAME = AccentColor;
				CODE_SIGN_STYLE = Automatic;
				CURRENT_PROJECT_VERSION = 1;
				DEVELOPMENT_ASSET_PATHS = "\"chickenBotPie/Preview Content\"";
				DEVELOPMENT_TEAM = B369BUS59N;
				ENABLE_PREVIEWS = YES;
				GENERATE_INFOPLIST_FILE = YES;
				INFOPLIST_FILE = chickenBotPie/Info.plist;
				INFOPLIST_KEY_NSLocationAlwaysAndWhenInUseUsageDescription = "Allow access or perish";
				INFOPLIST_KEY_NSLocationAlwaysUsageDescription = "Allow access or perish";
				INFOPLIST_KEY_NSLocationWhenInUseUsageDescription = "Allow access or perish";
				INFOPLIST_KEY_UIApplicationSceneManifest_Generation = YES;
				INFOPLIST_KEY_UIApplicationSupportsIndirectInputEvents = YES;
				INFOPLIST_KEY_UILaunchScreen_Generation = YES;
				INFOPLIST_KEY_UISupportedInterfaceOrientations_iPad = "UIInterfaceOrientationPortrait UIInterfaceOrientationPortraitUpsideDown UIInterfaceOrientationLandscapeLeft UIInterfaceOrientationLandscapeRight";
				INFOPLIST_KEY_UISupportedInterfaceOrientations_iPhone = "UIInterfaceOrientationPortrait UIInterfaceOrientationLandscapeLeft UIInterfaceOrientationLandscapeRight";
				IPHONEOS_DEPLOYMENT_TARGET = 16.0;
				LD_RUNPATH_SEARCH_PATHS = (
					"$(inherited)",
					"@executable_path/Frameworks",
				);
				MARKETING_VERSION = 1.0;
				PRODUCT_BUNDLE_IDENTIFIER = App.chickenBotPie.3082;
				PRODUCT_NAME = "$(TARGET_NAME)";
				SWIFT_EMIT_LOC_STRINGS = YES;
				SWIFT_VERSION = 5.0;
				TARGETED_DEVICE_FAMILY = "1,2";
			};
			name = Release;
		};
		EE47E2142B54F4E800FF192C /* Debug */ = {
			isa = XCBuildConfiguration;
			buildSettings = {
				ALWAYS_EMBED_SWIFT_STANDARD_LIBRARIES = YES;
				BUNDLE_LOADER = "$(TEST_HOST)";
				CODE_SIGN_STYLE = Automatic;
				CURRENT_PROJECT_VERSION = 1;
				DEVELOPMENT_TEAM = B369BUS59N;
				GENERATE_INFOPLIST_FILE = YES;
				IPHONEOS_DEPLOYMENT_TARGET = 17.2;
				MARKETING_VERSION = 1.0;
				PRODUCT_BUNDLE_IDENTIFIER = App.chickenBotPieTests;
				PRODUCT_NAME = "$(TARGET_NAME)";
				SWIFT_EMIT_LOC_STRINGS = NO;
				SWIFT_VERSION = 5.0;
				TARGETED_DEVICE_FAMILY = "1,2";
				TEST_HOST = "$(BUILT_PRODUCTS_DIR)/chickenBotPie.app/$(BUNDLE_EXECUTABLE_FOLDER_PATH)/chickenBotPie";
			};
			name = Debug;
		};
		EE47E2152B54F4E800FF192C /* Release */ = {
			isa = XCBuildConfiguration;
			buildSettings = {
				ALWAYS_EMBED_SWIFT_STANDARD_LIBRARIES = YES;
				BUNDLE_LOADER = "$(TEST_HOST)";
				CODE_SIGN_STYLE = Automatic;
				CURRENT_PROJECT_VERSION = 1;
				DEVELOPMENT_TEAM = B369BUS59N;
				GENERATE_INFOPLIST_FILE = YES;
				IPHONEOS_DEPLOYMENT_TARGET = 17.2;
				MARKETING_VERSION = 1.0;
				PRODUCT_BUNDLE_IDENTIFIER = App.chickenBotPieTests;
				PRODUCT_NAME = "$(TARGET_NAME)";
				SWIFT_EMIT_LOC_STRINGS = NO;
				SWIFT_VERSION = 5.0;
				TARGETED_DEVICE_FAMILY = "1,2";
				TEST_HOST = "$(BUILT_PRODUCTS_DIR)/chickenBotPie.app/$(BUNDLE_EXECUTABLE_FOLDER_PATH)/chickenBotPie";
			};
			name = Release;
		};
		EE47E2172B54F4E800FF192C /* Debug */ = {
			isa = XCBuildConfiguration;
			buildSettings = {
				ALWAYS_EMBED_SWIFT_STANDARD_LIBRARIES = YES;
				CODE_SIGN_STYLE = Automatic;
				CURRENT_PROJECT_VERSION = 1;
				DEVELOPMENT_TEAM = B369BUS59N;
				GENERATE_INFOPLIST_FILE = YES;
				MARKETING_VERSION = 1.0;
				PRODUCT_BUNDLE_IDENTIFIER = App.chickenBotPieUITests;
				PRODUCT_NAME = "$(TARGET_NAME)";
				SWIFT_EMIT_LOC_STRINGS = NO;
				SWIFT_VERSION = 5.0;
				TARGETED_DEVICE_FAMILY = "1,2";
				TEST_TARGET_NAME = chickenBotPie;
			};
			name = Debug;
		};
		EE47E2182B54F4E800FF192C /* Release */ = {
			isa = XCBuildConfiguration;
			buildSettings = {
				ALWAYS_EMBED_SWIFT_STANDARD_LIBRARIES = YES;
				CODE_SIGN_STYLE = Automatic;
				CURRENT_PROJECT_VERSION = 1;
				DEVELOPMENT_TEAM = B369BUS59N;
				GENERATE_INFOPLIST_FILE = YES;
				MARKETING_VERSION = 1.0;
				PRODUCT_BUNDLE_IDENTIFIER = App.chickenBotPieUITests;
				PRODUCT_NAME = "$(TARGET_NAME)";
				SWIFT_EMIT_LOC_STRINGS = NO;
				SWIFT_VERSION = 5.0;
				TARGETED_DEVICE_FAMILY = "1,2";
				TEST_TARGET_NAME = chickenBotPie;
			};
			name = Release;
		};
/* End XCBuildConfiguration section */

/* Begin XCConfigurationList section */
		EE47E1E72B54F4E600FF192C /* Build configuration list for PBXProject "chickenBotPie" */ = {
			isa = XCConfigurationList;
			buildConfigurations = (
				EE47E20E2B54F4E800FF192C /* Debug */,
				EE47E20F2B54F4E800FF192C /* Release */,
			);
			defaultConfigurationIsVisible = 0;
			defaultConfigurationName = Release;
		};
		EE47E2102B54F4E800FF192C /* Build configuration list for PBXNativeTarget "chickenBotPie" */ = {
			isa = XCConfigurationList;
			buildConfigurations = (
				EE47E2112B54F4E800FF192C /* Debug */,
				EE47E2122B54F4E800FF192C /* Release */,
			);
			defaultConfigurationIsVisible = 0;
			defaultConfigurationName = Release;
		};
		EE47E2132B54F4E800FF192C /* Build configuration list for PBXNativeTarget "chickenBotPieTests" */ = {
			isa = XCConfigurationList;
			buildConfigurations = (
				EE47E2142B54F4E800FF192C /* Debug */,
				EE47E2152B54F4E800FF192C /* Release */,
			);
			defaultConfigurationIsVisible = 0;
			defaultConfigurationName = Release;
		};
		EE47E2162B54F4E800FF192C /* Build configuration list for PBXNativeTarget "chickenBotPieUITests" */ = {
			isa = XCConfigurationList;
			buildConfigurations = (
				EE47E2172B54F4E800FF192C /* Debug */,
				EE47E2182B54F4E800FF192C /* Release */,
			);
			defaultConfigurationIsVisible = 0;
			defaultConfigurationName = Release;
		};
/* End XCConfigurationList section */

/* Begin XCRemoteSwiftPackageReference section */
		EE1F16542B59547800123E69 /* XCRemoteSwiftPackageReference "ConfettiSwiftUI" */ = {
			isa = XCRemoteSwiftPackageReference;
			repositoryURL = "https://github.com/simibac/ConfettiSwiftUI.git";
			requirement = {
				kind = upToNextMajorVersion;
				minimumVersion = 1.1.0;
			};
		};
		EE88F9D82B56437E0016E68E /* XCRemoteSwiftPackageReference "SwiftCSV" */ = {
			isa = XCRemoteSwiftPackageReference;
			repositoryURL = "https://github.com/swiftcsv/SwiftCSV.git";
			requirement = {
				kind = upToNextMajorVersion;
				minimumVersion = 0.9.1;
			};
		};
/* End XCRemoteSwiftPackageReference section */

/* Begin XCSwiftPackageProductDependency section */
		EE1F16552B59547900123E69 /* ConfettiSwiftUI */ = {
			isa = XCSwiftPackageProductDependency;
			package = EE1F16542B59547800123E69 /* XCRemoteSwiftPackageReference "ConfettiSwiftUI" */;
			productName = ConfettiSwiftUI;
		};
		EE88F9D92B56437E0016E68E /* SwiftCSV */ = {
			isa = XCSwiftPackageProductDependency;
			package = EE88F9D82B56437E0016E68E /* XCRemoteSwiftPackageReference "SwiftCSV" */;
			productName = SwiftCSV;
		};
/* End XCSwiftPackageProductDependency section */
	};
	rootObject = EE47E1E42B54F4E600FF192C /* Project object */;
}
